
Microsoft Visual Studio Solution File, Format Version 12.00
# Visual Studio 15
VisualStudioVersion = 15.0.27703.2018
MinimumVisualStudioVersion = 10.0.40219.1
Project("{FAE04EC0-301F-11D3-BF4B-00C04F79EFBC}") = "SocialList", "SocialList\SocialList.csproj", "{A61BFBE3-1333-499E-A60A-E56697D0D85B}"
EndProject
Project("{FAE04EC0-301F-11D3-BF4B-00C04F79EFBC}") = "SocialListApi", "SocialListApi\SocialListApi.csproj", "{CBEF5D93-15DA-45BC-9360-0B6F8FFF4815}"
EndProject
Project("{E53339B2-1760-4266-BCC7-CA923CBCF16C}") = "docker-compose", "docker-compose.dcproj", "{71E6953E-688E-47A3-B289-E7ADBA08DE06}"
EndProject
Global
	GlobalSection(SolutionConfigurationPlatforms) = preSolution
		Debug|Any CPU = Debug|Any CPU
		Release|Any CPU = Release|Any CPU
	EndGlobalSection
	GlobalSection(ProjectConfigurationPlatforms) = postSolution
		{A61BFBE3-1333-499E-A60A-E56697D0D85B}.Debug|Any CPU.ActiveCfg = Debug|Any CPU
		{A61BFBE3-1333-499E-A60A-E56697D0D85B}.Debug|Any CPU.Build.0 = Debug|Any CPU
		{A61BFBE3-1333-499E-A60A-E56697D0D85B}.Release|Any CPU.ActiveCfg = Release|Any CPU
		{A61BFBE3-1333-499E-A60A-E56697D0D85B}.Release|Any CPU.Build.0 = Release|Any CPU
		{CBEF5D93-15DA-45BC-9360-0B6F8FFF4815}.Debug|Any CPU.ActiveCfg = Debug|Any CPU
		{CBEF5D93-15DA-45BC-9360-0B6F8FFF4815}.Debug|Any CPU.Build.0 = Debug|Any CPU
		{CBEF5D93-15DA-45BC-9360-0B6F8FFF4815}.Release|Any CPU.ActiveCfg = Release|Any CPU
		{CBEF5D93-15DA-45BC-9360-0B6F8FFF4815}.Release|Any CPU.Build.0 = Release|Any CPU
		{71E6953E-688E-47A3-B289-E7ADBA08DE06}.Debug|Any CPU.ActiveCfg = Debug|Any CPU
		{71E6953E-688E-47A3-B289-E7ADBA08DE06}.Debug|Any CPU.Build.0 = Debug|Any CPU
		{71E6953E-688E-47A3-B289-E7ADBA08DE06}.Release|Any CPU.ActiveCfg = Release|Any CPU
		{71E6953E-688E-47A3-B289-E7ADBA08DE06}.Release|Any CPU.Build.0 = Release|Any CPU
	EndGlobalSection
	GlobalSection(SolutionProperties) = preSolution
		HideSolutionNode = FALSE
	EndGlobalSection
	GlobalSection(ExtensibilityGlobals) = postSolution
		SolutionGuid = {E824A9ED-60F5-4EC2-ABB3-0D053136BCEA}
	EndGlobalSection
EndGlobal
